
Microsoft Visual Studio Solution File, Format Version 12.00
# Visual Studio Version 17
VisualStudioVersion = 17.8.34408.163
MinimumVisualStudioVersion = 10.0.40219.1
Project("{F184B08F-C81C-45F6-A57F-5ABD9991F28F}") = "Project6", "Project6\Project6.vbproj", "{B698C013-799B-43DF-8BF2-335E9D134221}"
EndProject
Global
	GlobalSection(SolutionConfigurationPlatforms) = preSolution
		Debug|Any CPU = Debug|Any CPU
		Release|Any CPU = Release|Any CPU
	EndGlobalSection
	GlobalSection(ProjectConfigurationPlatforms) = postSolution
		{B698C013-799B-43DF-8BF2-335E9D134221}.Debug|Any CPU.ActiveCfg = Debug|Any CPU
		{B698C013-799B-43DF-8BF2-335E9D134221}.Debug|Any CPU.Build.0 = Debug|Any CPU
		{B698C013-799B-43DF-8BF2-335E9D134221}.Release|Any CPU.ActiveCfg = Release|Any CPU
		{B698C013-799B-43DF-8BF2-335E9D134221}.Release|Any CPU.Build.0 = Release|Any CPU
	EndGlobalSection
	GlobalSection(SolutionProperties) = preSolution
		HideSolutionNode = FALSE
	EndGlobalSection
	GlobalSection(ExtensibilityGlobals) = postSolution
		SolutionGuid = {AACBDD91-2380-4630-BFDF-E1B7807C8088}
	EndGlobalSection
EndGlobal
